
Microsoft Visual Studio Solution File, Format Version 12.00
# Visual Studio Version 17
VisualStudioVersion = 17.4.33213.308
MinimumVisualStudioVersion = 10.0.40219.1
Project("{FAE04EC0-301F-11D3-BF4B-00C04F79EFBC}") = "MuzikOgrenciKayit", "MuzikOgrenciKayit\MuzikOgrenciKayit.csproj", "{782FA445-1E6E-444F-91FE-2D4C2602D0A1}"
EndProject
Global
	GlobalSection(SolutionConfigurationPlatforms) = preSolution
		Debug|Any CPU = Debug|Any CPU
		Release|Any CPU = Release|Any CPU
	EndGlobalSection
	GlobalSection(ProjectConfigurationPlatforms) = postSolution
		{782FA445-1E6E-444F-91FE-2D4C2602D0A1}.Debug|Any CPU.ActiveCfg = Debug|Any CPU
		{782FA445-1E6E-444F-91FE-2D4C2602D0A1}.Debug|Any CPU.Build.0 = Debug|Any CPU
		{782FA445-1E6E-444F-91FE-2D4C2602D0A1}.Release|Any CPU.ActiveCfg = Release|Any CPU
		{782FA445-1E6E-444F-91FE-2D4C2602D0A1}.Release|Any CPU.Build.0 = Release|Any CPU
	EndGlobalSection
	GlobalSection(SolutionProperties) = preSolution
		HideSolutionNode = FALSE
	EndGlobalSection
	GlobalSection(ExtensibilityGlobals) = postSolution
		SolutionGuid = {F871FDE2-254C-4717-A75A-1CA0DF692F7D}
	EndGlobalSection
EndGlobal
